
Microsoft Visual Studio Solution File, Format Version 12.00
# Visual Studio Version 16
VisualStudioVersion = 16.0.29509.3
MinimumVisualStudioVersion = 10.0.40219.1
Project("{FAE04EC0-301F-11D3-BF4B-00C04F79EFBC}") = "BlobListing", "BlobListing\BlobListing.csproj", "{6490DAB5-8E6C-47CC-ACB5-639B8879C409}"
EndProject
Global
	GlobalSection(SolutionConfigurationPlatforms) = preSolution
		Debug|Any CPU = Debug|Any CPU
		Release|Any CPU = Release|Any CPU
	EndGlobalSection
	GlobalSection(ProjectConfigurationPlatforms) = postSolution
		{6490DAB5-8E6C-47CC-ACB5-639B8879C409}.Debug|Any CPU.ActiveCfg = Debug|Any CPU
		{6490DAB5-8E6C-47CC-ACB5-639B8879C409}.Debug|Any CPU.Build.0 = Debug|Any CPU
		{6490DAB5-8E6C-47CC-ACB5-639B8879C409}.Release|Any CPU.ActiveCfg = Release|Any CPU
		{6490DAB5-8E6C-47CC-ACB5-639B8879C409}.Release|Any CPU.Build.0 = Release|Any CPU
	EndGlobalSection
	GlobalSection(SolutionProperties) = preSolution
		HideSolutionNode = FALSE
	EndGlobalSection
	GlobalSection(ExtensibilityGlobals) = postSolution
		SolutionGuid = {9AC9169D-188D-4005-84F2-C59B99A89A38}
	EndGlobalSection
EndGlobal
